
Microsoft Visual Studio Solution File, Format Version 12.00
# Visual Studio 15
VisualStudioVersion = 15.0.28307.136
MinimumVisualStudioVersion = 10.0.40219.1
Project("{FAE04EC0-301F-11D3-BF4B-00C04F79EFBC}") = "Cap11_MultiTask_02_Threads_WinForm", "Cap11_MultiTask_02_Threads_WinForm\Cap11_MultiTask_02_Threads_WinForm.csproj", "{7E95393A-89A8-45F7-82EE-63F2CC4C1DC8}"
EndProject
Global
	GlobalSection(SolutionConfigurationPlatforms) = preSolution
		Debug|Any CPU = Debug|Any CPU
		Release|Any CPU = Release|Any CPU
	EndGlobalSection
	GlobalSection(ProjectConfigurationPlatforms) = postSolution
		{7E95393A-89A8-45F7-82EE-63F2CC4C1DC8}.Debug|Any CPU.ActiveCfg = Debug|Any CPU
		{7E95393A-89A8-45F7-82EE-63F2CC4C1DC8}.Debug|Any CPU.Build.0 = Debug|Any CPU
		{7E95393A-89A8-45F7-82EE-63F2CC4C1DC8}.Release|Any CPU.ActiveCfg = Release|Any CPU
		{7E95393A-89A8-45F7-82EE-63F2CC4C1DC8}.Release|Any CPU.Build.0 = Release|Any CPU
	EndGlobalSection
	GlobalSection(SolutionProperties) = preSolution
		HideSolutionNode = FALSE
	EndGlobalSection
	GlobalSection(ExtensibilityGlobals) = postSolution
		SolutionGuid = {89E2D779-26C4-4143-B65D-E577BBDBD212}
	EndGlobalSection
EndGlobal
